// !$*UTF8*$!
{
	archiveVersion = 1;
	classes = {
	};
	objectVersion = 46;
	objects = {

/* Begin PBXBuildFile section */
		37711D8E1CD78CB700DC6B43 /* AppDelegate.swift in Sources */ = {isa = PBXBuildFile; fileRef = 37711D8D1CD78CB700DC6B43 /* AppDelegate.swift */; };
		37711D901CD78CB700DC6B43 /* ViewController.swift in Sources */ = {isa = PBXBuildFile; fileRef = 37711D8F1CD78CB700DC6B43 /* ViewController.swift */; };
		37711D921CD78CB700DC6B43 /* Assets.xcassets in Resources */ = {isa = PBXBuildFile; fileRef = 37711D911CD78CB700DC6B43 /* Assets.xcassets */; };
		37711D951CD78CB700DC6B43 /* Main.storyboard in Resources */ = {isa = PBXBuildFile; fileRef = 37711D931CD78CB700DC6B43 /* Main.storyboard */; };
		37711DB71CD7A84D00DC6B43 /* ButtonTableCellView.swift in Sources */ = {isa = PBXBuildFile; fileRef = 37711DB61CD7A84D00DC6B43 /* ButtonTableCellView.swift */; };
		37711DE41CD7AF6600DC6B43 /* GPUImage.framework in Frameworks */ = {isa = PBXBuildFile; fileRef = 37711DE31CD7AF6600DC6B43 /* GPUImage.framework */; };
		37711DE51CD7AF6600DC6B43 /* GPUImage.framework in Embed Frameworks */ = {isa = PBXBuildFile; fileRef = 37711DE31CD7AF6600DC6B43 /* GPUImage.framework */; settings = {ATTRIBUTES = (CodeSignOnCopy, RemoveHeadersOnCopy, ); }; };
		37CCAB8A1CD8CECD00ECA264 /* SwiftOCR.swift in Sources */ = {isa = PBXBuildFile; fileRef = 37CCAB711CD8CECD00ECA264 /* SwiftOCR.swift */; };
		37CCAB8B1CD8CECD00ECA264 /* SwiftOCRTraining.swift in Sources */ = {isa = PBXBuildFile; fileRef = 37CCAB721CD8CECD00ECA264 /* SwiftOCRTraining.swift */; };
		37CCAB8C1CD8CECD00ECA264 /* OCR-Network in Resources */ = {isa = PBXBuildFile; fileRef = 37CCAB731CD8CECD00ECA264 /* OCR-Network */; };
		37CCAB8D1CD8CECD00ECA264 /* Info.plist in Resources */ = {isa = PBXBuildFile; fileRef = 37CCAB751CD8CECD00ECA264 /* Info.plist */; };
		37CCAB8E1CD8CECD00ECA264 /* TrainingBackground_1.png in Resources */ = {isa = PBXBuildFile; fileRef = 37CCAB781CD8CECD00ECA264 /* TrainingBackground_1.png */; };
		37CCAB8F1CD8CECD00ECA264 /* TrainingBackground_2.png in Resources */ = {isa = PBXBuildFile; fileRef = 37CCAB791CD8CECD00ECA264 /* TrainingBackground_2.png */; };
		37CCAB901CD8CECD00ECA264 /* TrainingBackground_3.png in Resources */ = {isa = PBXBuildFile; fileRef = 37CCAB7A1CD8CECD00ECA264 /* TrainingBackground_3.png */; };
		37CCAB911CD8CECD00ECA264 /* TrainingBackground_4.png in Resources */ = {isa = PBXBuildFile; fileRef = 37CCAB7B1CD8CECD00ECA264 /* TrainingBackground_4.png */; };
		37CCAB921CD8CECD00ECA264 /* FFNN+Storage.swift in Sources */ = {isa = PBXBuildFile; fileRef = 37CCAB7D1CD8CECD00ECA264 /* FFNN+Storage.swift */; };
		37CCAB931CD8CECD00ECA264 /* FFNN.swift in Sources */ = {isa = PBXBuildFile; fileRef = 37CCAB7E1CD8CECD00ECA264 /* FFNN.swift */; };
		37CCAB941CD8CECD00ECA264 /* Matrix.swift in Sources */ = {isa = PBXBuildFile; fileRef = 37CCAB7F1CD8CECD00ECA264 /* Matrix.swift */; };
		37CCAB951CD8CECD00ECA264 /* Operations.swift in Sources */ = {isa = PBXBuildFile; fileRef = 37CCAB801CD8CECD00ECA264 /* Operations.swift */; };
		37CCAB961CD8CECD00ECA264 /* Random.swift in Sources */ = {isa = PBXBuildFile; fileRef = 37CCAB811CD8CECD00ECA264 /* Random.swift */; };
		37CCAB971CD8CECD00ECA264 /* Storage.swift in Sources */ = {isa = PBXBuildFile; fileRef = 37CCAB821CD8CECD00ECA264 /* Storage.swift */; };
		37CCAB981CD8CECD00ECA264 /* Vector.swift in Sources */ = {isa = PBXBuildFile; fileRef = 37CCAB831CD8CECD00ECA264 /* Vector.swift */; };
		37CCAB991CD8CECD00ECA264 /* CrossPlatformSupport.swift in Sources */ = {isa = PBXBuildFile; fileRef = 37CCAB851CD8CECD00ECA264 /* CrossPlatformSupport.swift */; };
		37CCAB9A1CD8CECD00ECA264 /* Extensions.swift in Sources */ = {isa = PBXBuildFile; fileRef = 37CCAB861CD8CECD00ECA264 /* Extensions.swift */; };
		37CCAB9B1CD8CECD00ECA264 /* UnionFind.swift in Sources */ = {isa = PBXBuildFile; fileRef = 37CCAB871CD8CECD00ECA264 /* UnionFind.swift */; };
/* End PBXBuildFile section */

/* Begin PBXCopyFilesBuildPhase section */
		37711DB31CD78CD200DC6B43 /* Embed Frameworks */ = {
			isa = PBXCopyFilesBuildPhase;
			buildActionMask = 2147483647;
			dstPath = "";
			dstSubfolderSpec = 10;
			files = (
				37711DE51CD7AF6600DC6B43 /* GPUImage.framework in Embed Frameworks */,
			);
			name = "Embed Frameworks";
			runOnlyForDeploymentPostprocessing = 0;
		};
/* End PBXCopyFilesBuildPhase section */

/* Begin PBXFileReference section */
		37711D8A1CD78CB700DC6B43 /* SwiftOCR Training.app */ = {isa = PBXFileReference; explicitFileType = wrapper.application; includeInIndex = 0; path = "SwiftOCR Training.app"; sourceTree = BUILT_PRODUCTS_DIR; };
		37711D8D1CD78CB700DC6B43 /* AppDelegate.swift */ = {isa = PBXFileReference; lastKnownFileType = sourcecode.swift; path = AppDelegate.swift; sourceTree = "<group>"; };
		37711D8F1CD78CB700DC6B43 /* ViewController.swift */ = {isa = PBXFileReference; lastKnownFileType = sourcecode.swift; path = ViewController.swift; sourceTree = "<group>"; };
		37711D911CD78CB700DC6B43 /* Assets.xcassets */ = {isa = PBXFileReference; lastKnownFileType = folder.assetcatalog; path = Assets.xcassets; sourceTree = "<group>"; };
		37711D941CD78CB700DC6B43 /* Base */ = {isa = PBXFileReference; lastKnownFileType = file.storyboard; name = Base; path = Base.lproj/Main.storyboard; sourceTree = "<group>"; };
		37711D961CD78CB700DC6B43 /* Info.plist */ = {isa = PBXFileReference; lastKnownFileType = text.plist.xml; path = Info.plist; sourceTree = "<group>"; };
		37711DB61CD7A84D00DC6B43 /* ButtonTableCellView.swift */ = {isa = PBXFileReference; fileEncoding = 4; lastKnownFileType = sourcecode.swift; path = ButtonTableCellView.swift; sourceTree = "<group>"; };
		37711DE31CD7AF6600DC6B43 /* GPUImage.framework */ = {isa = PBXFileReference; explicitFileType = wrapper.framework; name = GPUImage.framework; path = "/Users/nicolas/Library/Developer/Xcode/DerivedData/SwiftOCR_Training-dpbycpdiieaokcamerijdhlthkbb/Build/Products/Release/GPUImage.framework"; sourceTree = "<absolute>"; };
		37CCAB711CD8CECD00ECA264 /* SwiftOCR.swift */ = {isa = PBXFileReference; fileEncoding = 4; lastKnownFileType = sourcecode.swift; path = SwiftOCR.swift; sourceTree = "<group>"; };
		37CCAB721CD8CECD00ECA264 /* SwiftOCRTraining.swift */ = {isa = PBXFileReference; fileEncoding = 4; lastKnownFileType = sourcecode.swift; path = SwiftOCRTraining.swift; sourceTree = "<group>"; };
		37CCAB731CD8CECD00ECA264 /* OCR-Network */ = {isa = PBXFileReference; lastKnownFileType = file.bplist; path = "OCR-Network"; sourceTree = "<group>"; };
		37CCAB741CD8CECD00ECA264 /* SwiftOCR.h */ = {isa = PBXFileReference; fileEncoding = 4; lastKnownFileType = sourcecode.c.h; path = SwiftOCR.h; sourceTree = "<group>"; };
		37CCAB751CD8CECD00ECA264 /* Info.plist */ = {isa = PBXFileReference; fileEncoding = 4; lastKnownFileType = text.plist.xml; path = Info.plist; sourceTree = "<group>"; };
		37CCAB761CD8CECD00ECA264 /* GPUImage.xcodeproj */ = {isa = PBXFileReference; lastKnownFileType = "wrapper.pb-project"; name = GPUImage.xcodeproj; path = "GPUImage-master/framework/GPUImage.xcodeproj"; sourceTree = "<group>"; };
		37CCAB771CD8CECD00ECA264 /* GPUImageMac.xcodeproj */ = {isa = PBXFileReference; lastKnownFileType = "wrapper.pb-project"; name = GPUImageMac.xcodeproj; path = "GPUImage-master/framework/GPUImageMac.xcodeproj"; sourceTree = "<group>"; };
		37CCAB781CD8CECD00ECA264 /* TrainingBackground_1.png */ = {isa = PBXFileReference; lastKnownFileType = image.png; name = TrainingBackground_1.png; path = "Realistic Training Images/TrainingBackground_1.png"; sourceTree = "<group>"; };
		37CCAB791CD8CECD00ECA264 /* TrainingBackground_2.png */ = {isa = PBXFileReference; lastKnownFileType = image.png; name = TrainingBackground_2.png; path = "Realistic Training Images/TrainingBackground_2.png"; sourceTree = "<group>"; };
		37CCAB7A1CD8CECD00ECA264 /* TrainingBackground_3.png */ = {isa = PBXFileReference; lastKnownFileType = image.png; name = TrainingBackground_3.png; path = "Realistic Training Images/TrainingBackground_3.png"; sourceTree = "<group>"; };
		37CCAB7B1CD8CECD00ECA264 /* TrainingBackground_4.png */ = {isa = PBXFileReference; lastKnownFileType = image.png; name = TrainingBackground_4.png; path = "Realistic Training Images/TrainingBackground_4.png"; sourceTree = "<group>"; };
		37CCAB7D1CD8CECD00ECA264 /* FFNN+Storage.swift */ = {isa = PBXFileReference; fileEncoding = 4; lastKnownFileType = sourcecode.swift; path = "FFNN+Storage.swift"; sourceTree = "<group>"; };
		37CCAB7E1CD8CECD00ECA264 /* FFNN.swift */ = {isa = PBXFileReference; fileEncoding = 4; lastKnownFileType = sourcecode.swift; path = FFNN.swift; sourceTree = "<group>"; };
		37CCAB7F1CD8CECD00ECA264 /* Matrix.swift */ = {isa = PBXFileReference; fileEncoding = 4; lastKnownFileType = sourcecode.swift; path = Matrix.swift; sourceTree = "<group>"; };
		37CCAB801CD8CECD00ECA264 /* Operations.swift */ = {isa = PBXFileReference; fileEncoding = 4; lastKnownFileType = sourcecode.swift; path = Operations.swift; sourceTree = "<group>"; };
		37CCAB811CD8CECD00ECA264 /* Random.swift */ = {isa = PBXFileReference; fileEncoding = 4; lastKnownFileType = sourcecode.swift; path = Random.swift; sourceTree = "<group>"; };
		37CCAB821CD8CECD00ECA264 /* Storage.swift */ = {isa = PBXFileReference; fileEncoding = 4; lastKnownFileType = sourcecode.swift; path = Storage.swift; sourceTree = "<group>"; };
		37CCAB831CD8CECD00ECA264 /* Vector.swift */ = {isa = PBXFileReference; fileEncoding = 4; lastKnownFileType = sourcecode.swift; path = Vector.swift; sourceTree = "<group>"; };
		37CCAB851CD8CECD00ECA264 /* CrossPlatformSupport.swift */ = {isa = PBXFileReference; fileEncoding = 4; lastKnownFileType = sourcecode.swift; path = CrossPlatformSupport.swift; sourceTree = "<group>"; };
		37CCAB861CD8CECD00ECA264 /* Extensions.swift */ = {isa = PBXFileReference; fileEncoding = 4; lastKnownFileType = sourcecode.swift; path = Extensions.swift; sourceTree = "<group>"; };
		37CCAB871CD8CECD00ECA264 /* UnionFind.swift */ = {isa = PBXFileReference; fileEncoding = 4; lastKnownFileType = sourcecode.swift; path = UnionFind.swift; sourceTree = "<group>"; };
/* End PBXFileReference section */

/* Begin PBXFrameworksBuildPhase section */
		37711D871CD78CB600DC6B43 /* Frameworks */ = {
			isa = PBXFrameworksBuildPhase;
			buildActionMask = 2147483647;
			files = (
				37711DE41CD7AF6600DC6B43 /* GPUImage.framework in Frameworks */,
			);
			runOnlyForDeploymentPostprocessing = 0;
		};
/* End PBXFrameworksBuildPhase section */

/* Begin PBXGroup section */
		37711D811CD78CB600DC6B43 = {
			isa = PBXGroup;
			children = (
				37711DE31CD7AF6600DC6B43 /* GPUImage.framework */,
				37711D8C1CD78CB700DC6B43 /* SwiftOCR Training */,
				37711D8B1CD78CB700DC6B43 /* Products */,
			);
			sourceTree = "<group>";
		};
		37711D8B1CD78CB700DC6B43 /* Products */ = {
			isa = PBXGroup;
			children = (
				37711D8A1CD78CB700DC6B43 /* SwiftOCR Training.app */,
			);
			name = Products;
			sourceTree = "<group>";
		};
		37711D8C1CD78CB700DC6B43 /* SwiftOCR Training */ = {
			isa = PBXGroup;
			children = (
				37711D8D1CD78CB700DC6B43 /* AppDelegate.swift */,
				37711D8F1CD78CB700DC6B43 /* ViewController.swift */,
				37711DB61CD7A84D00DC6B43 /* ButtonTableCellView.swift */,
				37CCAB891CD8CECD00ECA264 /* SwiftOCR */,
				37711D911CD78CB700DC6B43 /* Assets.xcassets */,
				37711D931CD78CB700DC6B43 /* Main.storyboard */,
				37711D961CD78CB700DC6B43 /* Info.plist */,
			);
			path = "SwiftOCR Training";
			sourceTree = "<group>";
		};
		37CCAB7C1CD8CECD00ECA264 /* Realistic Training Images */ = {
			isa = PBXGroup;
			children = (
				37CCAB781CD8CECD00ECA264 /* TrainingBackground_1.png */,
				37CCAB791CD8CECD00ECA264 /* TrainingBackground_2.png */,
				37CCAB7A1CD8CECD00ECA264 /* TrainingBackground_3.png */,
				37CCAB7B1CD8CECD00ECA264 /* TrainingBackground_4.png */,
			);
			name = "Realistic Training Images";
			sourceTree = "<group>";
		};
		37CCAB841CD8CECD00ECA264 /* FFNN */ = {
			isa = PBXGroup;
			children = (
				37CCAB7D1CD8CECD00ECA264 /* FFNN+Storage.swift */,
				37CCAB7E1CD8CECD00ECA264 /* FFNN.swift */,
				37CCAB7F1CD8CECD00ECA264 /* Matrix.swift */,
				37CCAB801CD8CECD00ECA264 /* Operations.swift */,
				37CCAB811CD8CECD00ECA264 /* Random.swift */,
				37CCAB821CD8CECD00ECA264 /* Storage.swift */,
				37CCAB831CD8CECD00ECA264 /* Vector.swift */,
			);
			path = FFNN;
			sourceTree = "<group>";
		};
		37CCAB881CD8CECD00ECA264 /* Supporting files */ = {
			isa = PBXGroup;
			children = (
				37CCAB741CD8CECD00ECA264 /* SwiftOCR.h */,
				37CCAB751CD8CECD00ECA264 /* Info.plist */,
				37CCAB761CD8CECD00ECA264 /* GPUImage.xcodeproj */,
				37CCAB771CD8CECD00ECA264 /* GPUImageMac.xcodeproj */,
				37CCAB7C1CD8CECD00ECA264 /* Realistic Training Images */,
				37CCAB841CD8CECD00ECA264 /* FFNN */,
				37CCAB851CD8CECD00ECA264 /* CrossPlatformSupport.swift */,
				37CCAB861CD8CECD00ECA264 /* Extensions.swift */,
				37CCAB871CD8CECD00ECA264 /* UnionFind.swift */,
			);
			name = "Supporting files";
			sourceTree = "<group>";
		};
		37CCAB891CD8CECD00ECA264 /* SwiftOCR */ = {
			isa = PBXGroup;
			children = (
				37CCAB711CD8CECD00ECA264 /* SwiftOCR.swift */,
				37CCAB721CD8CECD00ECA264 /* SwiftOCRTraining.swift */,
				37CCAB731CD8CECD00ECA264 /* OCR-Network */,
				37CCAB881CD8CECD00ECA264 /* Supporting files */,
			);
			name = SwiftOCR;
			path = ../../../framework/SwiftOCR;
			sourceTree = "<group>";
		};
/* End PBXGroup section */

/* Begin PBXNativeTarget section */
		37711D891CD78CB600DC6B43 /* SwiftOCR Training */ = {
			isa = PBXNativeTarget;
			buildConfigurationList = 37711D991CD78CB700DC6B43 /* Build configuration list for PBXNativeTarget "SwiftOCR Training" */;
			buildPhases = (
				37711D861CD78CB600DC6B43 /* Sources */,
				37711D871CD78CB600DC6B43 /* Frameworks */,
				37711D881CD78CB600DC6B43 /* Resources */,
				37711DB31CD78CD200DC6B43 /* Embed Frameworks */,
			);
			buildRules = (
			);
			dependencies = (
			);
			name = "SwiftOCR Training";
			productName = "SwiftOCR Training";
			productReference = 37711D8A1CD78CB700DC6B43 /* SwiftOCR Training.app */;
			productType = "com.apple.product-type.application";
		};
/* End PBXNativeTarget section */

/* Begin PBXProject section */
		37711D821CD78CB600DC6B43 /* Project object */ = {
			isa = PBXProject;
			attributes = {
				LastSwiftUpdateCheck = 0730;
				LastUpgradeCheck = 0730;
				ORGANIZATIONNAME = "Nicolas Camenisch";
				TargetAttributes = {
					37711D891CD78CB600DC6B43 = {
						CreatedOnToolsVersion = 7.3;
					};
				};
			};
			buildConfigurationList = 37711D851CD78CB600DC6B43 /* Build configuration list for PBXProject "SwiftOCR Training" */;
			compatibilityVersion = "Xcode 3.2";
			developmentRegion = English;
			hasScannedForEncodings = 0;
			knownRegions = (
				en,
				Base,
			);
			mainGroup = 37711D811CD78CB600DC6B43;
			productRefGroup = 37711D8B1CD78CB700DC6B43 /* Products */;
			projectDirPath = "";
			projectRoot = "";
			targets = (
				37711D891CD78CB600DC6B43 /* SwiftOCR Training */,
			);
		};
/* End PBXProject section */

/* Begin PBXResourcesBuildPhase section */
		37711D881CD78CB600DC6B43 /* Resources */ = {
			isa = PBXResourcesBuildPhase;
			buildActionMask = 2147483647;
			files = (
				37CCAB8D1CD8CECD00ECA264 /* Info.plist in Resources */,
				37711D921CD78CB700DC6B43 /* Assets.xcassets in Resources */,
				37CCAB911CD8CECD00ECA264 /* TrainingBackground_4.png in Resources */,
				37CCAB8F1CD8CECD00ECA264 /* TrainingBackground_2.png in Resources */,
				37CCAB901CD8CECD00ECA264 /* TrainingBackground_3.png in Resources */,
				37711D951CD78CB700DC6B43 /* Main.storyboard in Resources */,
				37CCAB8E1CD8CECD00ECA264 /* TrainingBackground_1.png in Resources */,
				37CCAB8C1CD8CECD00ECA264 /* OCR-Network in Resources */,
			);
			runOnlyForDeploymentPostprocessing = 0;
		};
/* End PBXResourcesBuildPhase section */

/* Begin PBXSourcesBuildPhase section */
		37711D861CD78CB600DC6B43 /* Sources */ = {
			isa = PBXSourcesBuildPhase;
			buildActionMask = 2147483647;
			files = (
				37CCAB951CD8CECD00ECA264 /* Operations.swift in Sources */,
				37CCAB971CD8CECD00ECA264 /* Storage.swift in Sources */,
				37711D901CD78CB700DC6B43 /* ViewController.swift in Sources */,
				37CCAB961CD8CECD00ECA264 /* Random.swift in Sources */,
				37711D8E1CD78CB700DC6B43 /* AppDelegate.swift in Sources */,
				37CCAB8A1CD8CECD00ECA264 /* SwiftOCR.swift in Sources */,
				37CCAB8B1CD8CECD00ECA264 /* SwiftOCRTraining.swift in Sources */,
				37CCAB9B1CD8CECD00ECA264 /* UnionFind.swift in Sources */,
				37CCAB941CD8CECD00ECA264 /* Matrix.swift in Sources */,
				37711DB71CD7A84D00DC6B43 /* ButtonTableCellView.swift in Sources */,
				37CCAB931CD8CECD00ECA264 /* FFNN.swift in Sources */,
				37CCAB991CD8CECD00ECA264 /* CrossPlatformSupport.swift in Sources */,
				37CCAB981CD8CECD00ECA264 /* Vector.swift in Sources */,
				37CCAB921CD8CECD00ECA264 /* FFNN+Storage.swift in Sources */,
				37CCAB9A1CD8CECD00ECA264 /* Extensions.swift in Sources */,
			);
			runOnlyForDeploymentPostprocessing = 0;
		};
/* End PBXSourcesBuildPhase section */

/* Begin PBXVariantGroup section */
		37711D931CD78CB700DC6B43 /* Main.storyboard */ = {
			isa = PBXVariantGroup;
			children = (
				37711D941CD78CB700DC6B43 /* Base */,
			);
			name = Main.storyboard;
			sourceTree = "<group>";
		};
/* End PBXVariantGroup section */

/* Begin XCBuildConfiguration section */
		37711D971CD78CB700DC6B43 /* Debug */ = {
			isa = XCBuildConfiguration;
			buildSettings = {
				ALWAYS_SEARCH_USER_PATHS = NO;
				CLANG_ANALYZER_NONNULL = YES;
				CLANG_CXX_LANGUAGE_STANDARD = "gnu++0x";
				CLANG_CXX_LIBRARY = "libc++";
				CLANG_ENABLE_MODULES = YES;
				CLANG_ENABLE_OBJC_ARC = YES;
				CLANG_WARN_BOOL_CONVERSION = YES;
				CLANG_WARN_CONSTANT_CONVERSION = YES;
				CLANG_WARN_DIRECT_OBJC_ISA_USAGE = YES_ERROR;
				CLANG_WARN_EMPTY_BODY = YES;
				CLANG_WARN_ENUM_CONVERSION = YES;
				CLANG_WARN_INT_CONVERSION = YES;
				CLANG_WARN_OBJC_ROOT_CLASS = YES_ERROR;
				CLANG_WARN_UNREACHABLE_CODE = YES;
				CLANG_WARN__DUPLICATE_METHOD_MATCH = YES;
				CODE_SIGN_IDENTITY = "-";
				COPY_PHASE_STRIP = NO;
				DEBUG_INFORMATION_FORMAT = dwarf;
				ENABLE_STRICT_OBJC_MSGSEND = YES;
				ENABLE_TESTABILITY = YES;
				GCC_C_LANGUAGE_STANDARD = gnu99;
				GCC_DYNAMIC_NO_PIC = NO;
				GCC_NO_COMMON_BLOCKS = YES;
				GCC_OPTIMIZATION_LEVEL = 0;
				GCC_PREPROCESSOR_DEFINITIONS = (
					"DEBUG=1",
					"$(inherited)",
				);
				GCC_WARN_64_TO_32_BIT_CONVERSION = YES;
				GCC_WARN_ABOUT_RETURN_TYPE = YES_ERROR;
				GCC_WARN_UNDECLARED_SELECTOR = YES;
				GCC_WARN_UNINITIALIZED_AUTOS = YES_AGGRESSIVE;
				GCC_WARN_UNUSED_FUNCTION = YES;
				GCC_WARN_UNUSED_VARIABLE = YES;
				MACOSX_DEPLOYMENT_TARGET = 10.11;
				MTL_ENABLE_DEBUG_INFO = YES;
				ONLY_ACTIVE_ARCH = YES;
				SDKROOT = macosx;
				SWIFT_OPTIMIZATION_LEVEL = "-Onone";
			};
			name = Debug;
		};
		37711D981CD78CB700DC6B43 /* Release */ = {
			isa = XCBuildConfiguration;
			buildSettings = {
				ALWAYS_SEARCH_USER_PATHS = NO;
				CLANG_ANALYZER_NONNULL = YES;
				CLANG_CXX_LANGUAGE_STANDARD = "gnu++0x";
				CLANG_CXX_LIBRARY = "libc++";
				CLANG_ENABLE_MODULES = YES;
				CLANG_ENABLE_OBJC_ARC = YES;
				CLANG_WARN_BOOL_CONVERSION = YES;
				CLANG_WARN_CONSTANT_CONVERSION = YES;
				CLANG_WARN_DIRECT_OBJC_ISA_USAGE = YES_ERROR;
				CLANG_WARN_EMPTY_BODY = YES;
				CLANG_WARN_ENUM_CONVERSION = YES;
				CLANG_WARN_INT_CONVERSION = YES;
				CLANG_WARN_OBJC_ROOT_CLASS = YES_ERROR;
				CLANG_WARN_UNREACHABLE_CODE = YES;
				CLANG_WARN__DUPLICATE_METHOD_MATCH = YES;
				CODE_SIGN_IDENTITY = "-";
				COPY_PHASE_STRIP = NO;
				DEBUG_INFORMATION_FORMAT = "dwarf-with-dsym";
				ENABLE_NS_ASSERTIONS = NO;
				ENABLE_STRICT_OBJC_MSGSEND = YES;
				GCC_C_LANGUAGE_STANDARD = gnu99;
				GCC_NO_COMMON_BLOCKS = YES;
				GCC_WARN_64_TO_32_BIT_CONVERSION = YES;
				GCC_WARN_ABOUT_RETURN_TYPE = YES_ERROR;
				GCC_WARN_UNDECLARED_SELECTOR = YES;
				GCC_WARN_UNINITIALIZED_AUTOS = YES_AGGRESSIVE;
				GCC_WARN_UNUSED_FUNCTION = YES;
				GCC_WARN_UNUSED_VARIABLE = YES;
				MACOSX_DEPLOYMENT_TARGET = 10.11;
				MTL_ENABLE_DEBUG_INFO = NO;
				SDKROOT = macosx;
			};
			name = Release;
		};
		37711D9A1CD78CB700DC6B43 /* Debug */ = {
			isa = XCBuildConfiguration;
			buildSettings = {
				ASSETCATALOG_COMPILER_APPICON_NAME = AppIcon;
				COMBINE_HIDPI_IMAGES = YES;
				EMBEDDED_CONTENT_CONTAINS_SWIFT = YES;
				INFOPLIST_FILE = "SwiftOCR Training/Info.plist";
				LD_RUNPATH_SEARCH_PATHS = "$(inherited) @executable_path/../Frameworks";
				PRODUCT_BUNDLE_IDENTIFIER = "camenisch.nicolas.SwiftOCR-Training";
				PRODUCT_NAME = "$(TARGET_NAME)";
			};
			name = Debug;
		};
		37711D9B1CD78CB700DC6B43 /* Release */ = {
			isa = XCBuildConfiguration;
			buildSettings = {
				ASSETCATALOG_COMPILER_APPICON_NAME = AppIcon;
				COMBINE_HIDPI_IMAGES = YES;
				EMBEDDED_CONTENT_CONTAINS_SWIFT = YES;
				INFOPLIST_FILE = "SwiftOCR Training/Info.plist";
				LD_RUNPATH_SEARCH_PATHS = "$(inherited) @executable_path/../Frameworks";
				PRODUCT_BUNDLE_IDENTIFIER = "camenisch.nicolas.SwiftOCR-Training";
				PRODUCT_NAME = "$(TARGET_NAME)";
			};
			name = Release;
		};
/* End XCBuildConfiguration section */

/* Begin XCConfigurationList section */
		37711D851CD78CB600DC6B43 /* Build configuration list for PBXProject "SwiftOCR Training" */ = {
			isa = XCConfigurationList;
			buildConfigurations = (
				37711D971CD78CB700DC6B43 /* Debug */,
				37711D981CD78CB700DC6B43 /* Release */,
			);
			defaultConfigurationIsVisible = 0;
			defaultConfigurationName = Release;
		};
		37711D991CD78CB700DC6B43 /* Build configuration list for PBXNativeTarget "SwiftOCR Training" */ = {
			isa = XCConfigurationList;
			buildConfigurations = (
				37711D9A1CD78CB700DC6B43 /* Debug */,
				37711D9B1CD78CB700DC6B43 /* Release */,
			);
			defaultConfigurationIsVisible = 0;
			defaultConfigurationName = Release;
		};
/* End XCConfigurationList section */
	};
	rootObject = 37711D821CD78CB600DC6B43 /* Project object */;
}
