// !$*UTF8*$!
{
	archiveVersion = 1;
	classes = {
	};
	objectVersion = 46;
	objects = {

/* Begin PBXBuildFile section */
		372578D01CDA07D900785B68 /* GPUImage.framework in Frameworks */ = {isa = PBXBuildFile; fileRef = 37CA6E491CD8D97C00562F20 /* GPUImage.framework */; };
		372578D11CDA07D900785B68 /* GPUImage.framework in Embed Frameworks */ = {isa = PBXBuildFile; fileRef = 37CA6E491CD8D97C00562F20 /* GPUImage.framework */; settings = {ATTRIBUTES = (CodeSignOnCopy, RemoveHeadersOnCopy, ); }; };
		37711D8E1CD78CB700DC6B43 /* AppDelegate.swift in Sources */ = {isa = PBXBuildFile; fileRef = 37711D8D1CD78CB700DC6B43 /* AppDelegate.swift */; };
		37711D901CD78CB700DC6B43 /* ViewController.swift in Sources */ = {isa = PBXBuildFile; fileRef = 37711D8F1CD78CB700DC6B43 /* ViewController.swift */; };
		37711D921CD78CB700DC6B43 /* Assets.xcassets in Resources */ = {isa = PBXBuildFile; fileRef = 37711D911CD78CB700DC6B43 /* Assets.xcassets */; };
		37711D951CD78CB700DC6B43 /* Main.storyboard in Resources */ = {isa = PBXBuildFile; fileRef = 37711D931CD78CB700DC6B43 /* Main.storyboard */; };
		37711DB71CD7A84D00DC6B43 /* ButtonTableCellView.swift in Sources */ = {isa = PBXBuildFile; fileRef = 37711DB61CD7A84D00DC6B43 /* ButtonTableCellView.swift */; };
		37CCABDD1CD8D03600ECA264 /* SwiftOCR.swift in Sources */ = {isa = PBXBuildFile; fileRef = 37CCABC41CD8D03600ECA264 /* SwiftOCR.swift */; };
		37CCABDE1CD8D03600ECA264 /* SwiftOCRTraining.swift in Sources */ = {isa = PBXBuildFile; fileRef = 37CCABC51CD8D03600ECA264 /* SwiftOCRTraining.swift */; };
		37CCABDF1CD8D03600ECA264 /* OCR-Network in Resources */ = {isa = PBXBuildFile; fileRef = 37CCABC61CD8D03600ECA264 /* OCR-Network */; };
		37CCABE01CD8D03600ECA264 /* Info.plist in Resources */ = {isa = PBXBuildFile; fileRef = 37CCABC81CD8D03600ECA264 /* Info.plist */; };
		37CCABE11CD8D03600ECA264 /* TrainingBackground_1.png in Resources */ = {isa = PBXBuildFile; fileRef = 37CCABCB1CD8D03600ECA264 /* TrainingBackground_1.png */; };
		37CCABE21CD8D03600ECA264 /* TrainingBackground_2.png in Resources */ = {isa = PBXBuildFile; fileRef = 37CCABCC1CD8D03600ECA264 /* TrainingBackground_2.png */; };
		37CCABE31CD8D03600ECA264 /* TrainingBackground_3.png in Resources */ = {isa = PBXBuildFile; fileRef = 37CCABCD1CD8D03600ECA264 /* TrainingBackground_3.png */; };
		37CCABE41CD8D03600ECA264 /* TrainingBackground_4.png in Resources */ = {isa = PBXBuildFile; fileRef = 37CCABCE1CD8D03600ECA264 /* TrainingBackground_4.png */; };
		37CCABE51CD8D03600ECA264 /* FFNN+Storage.swift in Sources */ = {isa = PBXBuildFile; fileRef = 37CCABD01CD8D03600ECA264 /* FFNN+Storage.swift */; };
		37CCABE61CD8D03600ECA264 /* FFNN.swift in Sources */ = {isa = PBXBuildFile; fileRef = 37CCABD11CD8D03600ECA264 /* FFNN.swift */; };
		37CCABE71CD8D03600ECA264 /* Matrix.swift in Sources */ = {isa = PBXBuildFile; fileRef = 37CCABD21CD8D03600ECA264 /* Matrix.swift */; };
		37CCABE81CD8D03600ECA264 /* Operations.swift in Sources */ = {isa = PBXBuildFile; fileRef = 37CCABD31CD8D03600ECA264 /* Operations.swift */; };
		37CCABE91CD8D03600ECA264 /* Random.swift in Sources */ = {isa = PBXBuildFile; fileRef = 37CCABD41CD8D03600ECA264 /* Random.swift */; };
		37CCABEA1CD8D03600ECA264 /* Storage.swift in Sources */ = {isa = PBXBuildFile; fileRef = 37CCABD51CD8D03600ECA264 /* Storage.swift */; };
		37CCABEB1CD8D03600ECA264 /* Vector.swift in Sources */ = {isa = PBXBuildFile; fileRef = 37CCABD61CD8D03600ECA264 /* Vector.swift */; };
		37CCABEC1CD8D03600ECA264 /* CrossPlatformSupport.swift in Sources */ = {isa = PBXBuildFile; fileRef = 37CCABD81CD8D03600ECA264 /* CrossPlatformSupport.swift */; };
		37CCABED1CD8D03600ECA264 /* Extensions.swift in Sources */ = {isa = PBXBuildFile; fileRef = 37CCABD91CD8D03600ECA264 /* Extensions.swift */; };
		37CCABEE1CD8D03600ECA264 /* UnionFind.swift in Sources */ = {isa = PBXBuildFile; fileRef = 37CCABDA1CD8D03600ECA264 /* UnionFind.swift */; };
		92B7CDFB1EC20C5F0063804A /* NSImage+File.swift in Sources */ = {isa = PBXBuildFile; fileRef = 92B7CDFA1EC20C5F0063804A /* NSImage+File.swift */; };
/* End PBXBuildFile section */

/* Begin PBXContainerItemProxy section */
		372578D21CDA07D900785B68 /* PBXContainerItemProxy */ = {
			isa = PBXContainerItemProxy;
			containerPortal = 37CCABCA1CD8D03600ECA264 /* GPUImageMac.xcodeproj */;
			proxyType = 1;
			remoteGlobalIDString = BCA3F31B17239B6500E28AEC;
			remoteInfo = GPUImage;
		};
		37CA6E431CD8D97C00562F20 /* PBXContainerItemProxy */ = {
			isa = PBXContainerItemProxy;
			containerPortal = 37CCABC91CD8D03600ECA264 /* GPUImage.xcodeproj */;
			proxyType = 2;
			remoteGlobalIDString = BCF1A33414DDB1EC00852800;
			remoteInfo = GPUImage;
		};
		37CA6E451CD8D97C00562F20 /* PBXContainerItemProxy */ = {
			isa = PBXContainerItemProxy;
			containerPortal = 37CCABC91CD8D03600ECA264 /* GPUImage.xcodeproj */;
			proxyType = 2;
			remoteGlobalIDString = BCE209E51943F20C002FEED8;
			remoteInfo = GPUImageFramework;
		};
		37CA6E481CD8D97C00562F20 /* PBXContainerItemProxy */ = {
			isa = PBXContainerItemProxy;
			containerPortal = 37CCABCA1CD8D03600ECA264 /* GPUImageMac.xcodeproj */;
			proxyType = 2;
			remoteGlobalIDString = BCA3F31C17239B6500E28AEC;
			remoteInfo = GPUImage;
		};
/* End PBXContainerItemProxy section */

/* Begin PBXCopyFilesBuildPhase section */
		372578D71CDA07D900785B68 /* Embed Frameworks */ = {
			isa = PBXCopyFilesBuildPhase;
			buildActionMask = 2147483647;
			dstPath = "";
			dstSubfolderSpec = 10;
			files = (
				372578D11CDA07D900785B68 /* GPUImage.framework in Embed Frameworks */,
			);
			name = "Embed Frameworks";
			runOnlyForDeploymentPostprocessing = 0;
		};
/* End PBXCopyFilesBuildPhase section */

/* Begin PBXFileReference section */
		37711D8A1CD78CB700DC6B43 /* SwiftOCR Training.app */ = {isa = PBXFileReference; explicitFileType = wrapper.application; includeInIndex = 0; path = "SwiftOCR Training.app"; sourceTree = BUILT_PRODUCTS_DIR; };
		37711D8D1CD78CB700DC6B43 /* AppDelegate.swift */ = {isa = PBXFileReference; lastKnownFileType = sourcecode.swift; path = AppDelegate.swift; sourceTree = "<group>"; };
		37711D8F1CD78CB700DC6B43 /* ViewController.swift */ = {isa = PBXFileReference; lastKnownFileType = sourcecode.swift; path = ViewController.swift; sourceTree = "<group>"; };
		37711D911CD78CB700DC6B43 /* Assets.xcassets */ = {isa = PBXFileReference; lastKnownFileType = folder.assetcatalog; path = Assets.xcassets; sourceTree = "<group>"; };
		37711D941CD78CB700DC6B43 /* Base */ = {isa = PBXFileReference; lastKnownFileType = file.storyboard; name = Base; path = Base.lproj/Main.storyboard; sourceTree = "<group>"; };
		37711D961CD78CB700DC6B43 /* Info.plist */ = {isa = PBXFileReference; lastKnownFileType = text.plist.xml; path = Info.plist; sourceTree = "<group>"; };
		37711DB61CD7A84D00DC6B43 /* ButtonTableCellView.swift */ = {isa = PBXFileReference; fileEncoding = 4; lastKnownFileType = sourcecode.swift; path = ButtonTableCellView.swift; sourceTree = "<group>"; };
		37CCABC41CD8D03600ECA264 /* SwiftOCR.swift */ = {isa = PBXFileReference; fileEncoding = 4; lastKnownFileType = sourcecode.swift; path = SwiftOCR.swift; sourceTree = "<group>"; };
		37CCABC51CD8D03600ECA264 /* SwiftOCRTraining.swift */ = {isa = PBXFileReference; fileEncoding = 4; lastKnownFileType = sourcecode.swift; path = SwiftOCRTraining.swift; sourceTree = "<group>"; };
		37CCABC61CD8D03600ECA264 /* OCR-Network */ = {isa = PBXFileReference; lastKnownFileType = file.bplist; path = "OCR-Network"; sourceTree = "<group>"; };
		37CCABC71CD8D03600ECA264 /* SwiftOCR.h */ = {isa = PBXFileReference; fileEncoding = 4; lastKnownFileType = sourcecode.c.h; path = SwiftOCR.h; sourceTree = "<group>"; };
		37CCABC81CD8D03600ECA264 /* Info.plist */ = {isa = PBXFileReference; fileEncoding = 4; lastKnownFileType = text.plist.xml; path = Info.plist; sourceTree = "<group>"; };
		37CCABC91CD8D03600ECA264 /* GPUImage.xcodeproj */ = {isa = PBXFileReference; lastKnownFileType = "wrapper.pb-project"; name = GPUImage.xcodeproj; path = "GPUImage-master/framework/GPUImage.xcodeproj"; sourceTree = "<group>"; };
		37CCABCA1CD8D03600ECA264 /* GPUImageMac.xcodeproj */ = {isa = PBXFileReference; lastKnownFileType = "wrapper.pb-project"; name = GPUImageMac.xcodeproj; path = "GPUImage-master/framework/GPUImageMac.xcodeproj"; sourceTree = "<group>"; };
		37CCABCB1CD8D03600ECA264 /* TrainingBackground_1.png */ = {isa = PBXFileReference; lastKnownFileType = image.png; name = TrainingBackground_1.png; path = "Realistic Training Images/TrainingBackground_1.png"; sourceTree = "<group>"; };
		37CCABCC1CD8D03600ECA264 /* TrainingBackground_2.png */ = {isa = PBXFileReference; lastKnownFileType = image.png; name = TrainingBackground_2.png; path = "Realistic Training Images/TrainingBackground_2.png"; sourceTree = "<group>"; };
		37CCABCD1CD8D03600ECA264 /* TrainingBackground_3.png */ = {isa = PBXFileReference; lastKnownFileType = image.png; name = TrainingBackground_3.png; path = "Realistic Training Images/TrainingBackground_3.png"; sourceTree = "<group>"; };
		37CCABCE1CD8D03600ECA264 /* TrainingBackground_4.png */ = {isa = PBXFileReference; lastKnownFileType = image.png; name = TrainingBackground_4.png; path = "Realistic Training Images/TrainingBackground_4.png"; sourceTree = "<group>"; };
		37CCABD01CD8D03600ECA264 /* FFNN+Storage.swift */ = {isa = PBXFileReference; fileEncoding = 4; lastKnownFileType = sourcecode.swift; path = "FFNN+Storage.swift"; sourceTree = "<group>"; };
		37CCABD11CD8D03600ECA264 /* FFNN.swift */ = {isa = PBXFileReference; fileEncoding = 4; lastKnownFileType = sourcecode.swift; path = FFNN.swift; sourceTree = "<group>"; };
		37CCABD21CD8D03600ECA264 /* Matrix.swift */ = {isa = PBXFileReference; fileEncoding = 4; lastKnownFileType = sourcecode.swift; path = Matrix.swift; sourceTree = "<group>"; };
		37CCABD31CD8D03600ECA264 /* Operations.swift */ = {isa = PBXFileReference; fileEncoding = 4; lastKnownFileType = sourcecode.swift; path = Operations.swift; sourceTree = "<group>"; };
		37CCABD41CD8D03600ECA264 /* Random.swift */ = {isa = PBXFileReference; fileEncoding = 4; lastKnownFileType = sourcecode.swift; path = Random.swift; sourceTree = "<group>"; };
		37CCABD51CD8D03600ECA264 /* Storage.swift */ = {isa = PBXFileReference; fileEncoding = 4; lastKnownFileType = sourcecode.swift; path = Storage.swift; sourceTree = "<group>"; };
		37CCABD61CD8D03600ECA264 /* Vector.swift */ = {isa = PBXFileReference; fileEncoding = 4; lastKnownFileType = sourcecode.swift; path = Vector.swift; sourceTree = "<group>"; };
		37CCABD81CD8D03600ECA264 /* CrossPlatformSupport.swift */ = {isa = PBXFileReference; fileEncoding = 4; lastKnownFileType = sourcecode.swift; path = CrossPlatformSupport.swift; sourceTree = "<group>"; };
		37CCABD91CD8D03600ECA264 /* Extensions.swift */ = {isa = PBXFileReference; fileEncoding = 4; lastKnownFileType = sourcecode.swift; path = Extensions.swift; sourceTree = "<group>"; };
		37CCABDA1CD8D03600ECA264 /* UnionFind.swift */ = {isa = PBXFileReference; fileEncoding = 4; lastKnownFileType = sourcecode.swift; path = UnionFind.swift; sourceTree = "<group>"; };
		92B7CDFA1EC20C5F0063804A /* NSImage+File.swift */ = {isa = PBXFileReference; fileEncoding = 4; lastKnownFileType = sourcecode.swift; name = "NSImage+File.swift"; path = "../../example/OS X/SwiftOCR Training/SwiftOCR Training/NSImage+File.swift"; sourceTree = "<group>"; };
/* End PBXFileReference section */

/* Begin PBXFrameworksBuildPhase section */
		37711D871CD78CB600DC6B43 /* Frameworks */ = {
			isa = PBXFrameworksBuildPhase;
			buildActionMask = 2147483647;
			files = (
				372578D01CDA07D900785B68 /* GPUImage.framework in Frameworks */,
			);
			runOnlyForDeploymentPostprocessing = 0;
		};
/* End PBXFrameworksBuildPhase section */

/* Begin PBXGroup section */
		37711D811CD78CB600DC6B43 = {
			isa = PBXGroup;
			children = (
				37711D8C1CD78CB700DC6B43 /* SwiftOCR Training */,
				37711D8B1CD78CB700DC6B43 /* Products */,
			);
			sourceTree = "<group>";
		};
		37711D8B1CD78CB700DC6B43 /* Products */ = {
			isa = PBXGroup;
			children = (
				37711D8A1CD78CB700DC6B43 /* SwiftOCR Training.app */,
			);
			name = Products;
			sourceTree = "<group>";
		};
		37711D8C1CD78CB700DC6B43 /* SwiftOCR Training */ = {
			isa = PBXGroup;
			children = (
				37711D8D1CD78CB700DC6B43 /* AppDelegate.swift */,
				37711D8F1CD78CB700DC6B43 /* ViewController.swift */,
				37711DB61CD7A84D00DC6B43 /* ButtonTableCellView.swift */,
				37CCABDC1CD8D03600ECA264 /* SwiftOCR */,
				37711D911CD78CB700DC6B43 /* Assets.xcassets */,
				37711D931CD78CB700DC6B43 /* Main.storyboard */,
				37711D961CD78CB700DC6B43 /* Info.plist */,
			);
			path = "SwiftOCR Training";
			sourceTree = "<group>";
		};
		37CA6E3C1CD8D97C00562F20 /* Products */ = {
			isa = PBXGroup;
			children = (
				37CA6E491CD8D97C00562F20 /* GPUImage.framework */,
			);
			name = Products;
			sourceTree = "<group>";
		};
		37CA6E3E1CD8D97C00562F20 /* Products */ = {
			isa = PBXGroup;
			children = (
				37CA6E441CD8D97C00562F20 /* libGPUImage.a */,
				37CA6E461CD8D97C00562F20 /* GPUImage.framework */,
			);
			name = Products;
			sourceTree = "<group>";
		};
		37CCABCF1CD8D03600ECA264 /* Realistic Training Images */ = {
			isa = PBXGroup;
			children = (
				37CCABCB1CD8D03600ECA264 /* TrainingBackground_1.png */,
				37CCABCC1CD8D03600ECA264 /* TrainingBackground_2.png */,
				37CCABCD1CD8D03600ECA264 /* TrainingBackground_3.png */,
				37CCABCE1CD8D03600ECA264 /* TrainingBackground_4.png */,
			);
			name = "Realistic Training Images";
			sourceTree = "<group>";
		};
		37CCABD71CD8D03600ECA264 /* FFNN */ = {
			isa = PBXGroup;
			children = (
				37CCABD01CD8D03600ECA264 /* FFNN+Storage.swift */,
				37CCABD11CD8D03600ECA264 /* FFNN.swift */,
				37CCABD21CD8D03600ECA264 /* Matrix.swift */,
				37CCABD31CD8D03600ECA264 /* Operations.swift */,
				37CCABD41CD8D03600ECA264 /* Random.swift */,
				37CCABD51CD8D03600ECA264 /* Storage.swift */,
				37CCABD61CD8D03600ECA264 /* Vector.swift */,
			);
			path = FFNN;
			sourceTree = "<group>";
		};
		37CCABDB1CD8D03600ECA264 /* Supporting files */ = {
			isa = PBXGroup;
			children = (
				37CCABC71CD8D03600ECA264 /* SwiftOCR.h */,
				37CCABC81CD8D03600ECA264 /* Info.plist */,
				37CCABC91CD8D03600ECA264 /* GPUImage.xcodeproj */,
				37CCABCA1CD8D03600ECA264 /* GPUImageMac.xcodeproj */,
				37CCABCF1CD8D03600ECA264 /* Realistic Training Images */,
				37CCABD71CD8D03600ECA264 /* FFNN */,
				37CCABD81CD8D03600ECA264 /* CrossPlatformSupport.swift */,
				37CCABD91CD8D03600ECA264 /* Extensions.swift */,
				37CCABDA1CD8D03600ECA264 /* UnionFind.swift */,
			);
			name = "Supporting files";
			sourceTree = "<group>";
		};
		37CCABDC1CD8D03600ECA264 /* SwiftOCR */ = {
			isa = PBXGroup;
			children = (
				92B7CDFA1EC20C5F0063804A /* NSImage+File.swift */,
				37CCABC41CD8D03600ECA264 /* SwiftOCR.swift */,
				37CCABC51CD8D03600ECA264 /* SwiftOCRTraining.swift */,
				37CCABC61CD8D03600ECA264 /* OCR-Network */,
				37CCABDB1CD8D03600ECA264 /* Supporting files */,
			);
			name = SwiftOCR;
			path = ../../../../framework/SwiftOCR;
			sourceTree = "<group>";
		};
/* End PBXGroup section */

/* Begin PBXNativeTarget section */
		37711D891CD78CB600DC6B43 /* SwiftOCR Training */ = {
			isa = PBXNativeTarget;
			buildConfigurationList = 37711D991CD78CB700DC6B43 /* Build configuration list for PBXNativeTarget "SwiftOCR Training" */;
			buildPhases = (
				37711D861CD78CB600DC6B43 /* Sources */,
				37711D871CD78CB600DC6B43 /* Frameworks */,
				37711D881CD78CB600DC6B43 /* Resources */,
				372578D71CDA07D900785B68 /* Embed Frameworks */,
			);
			buildRules = (
			);
			dependencies = (
				372578D31CDA07D900785B68 /* PBXTargetDependency */,
			);
			name = "SwiftOCR Training";
			productName = "SwiftOCR Training";
			productReference = 37711D8A1CD78CB700DC6B43 /* SwiftOCR Training.app */;
			productType = "com.apple.product-type.application";
		};
/* End PBXNativeTarget section */

/* Begin PBXProject section */
		37711D821CD78CB600DC6B43 /* Project object */ = {
			isa = PBXProject;
			attributes = {
				LastSwiftUpdateCheck = 0730;
				LastUpgradeCheck = 0730;
				ORGANIZATIONNAME = "Nicolas Camenisch";
				TargetAttributes = {
					37711D891CD78CB600DC6B43 = {
						CreatedOnToolsVersion = 7.3;
						LastSwiftMigration = 0800;
					};
				};
			};
			buildConfigurationList = 37711D851CD78CB600DC6B43 /* Build configuration list for PBXProject "SwiftOCR Training" */;
			compatibilityVersion = "Xcode 3.2";
			developmentRegion = English;
			hasScannedForEncodings = 0;
			knownRegions = (
				en,
				Base,
			);
			mainGroup = 37711D811CD78CB600DC6B43;
			productRefGroup = 37711D8B1CD78CB700DC6B43 /* Products */;
			projectDirPath = "";
			projectReferences = (
				{
					ProductGroup = 37CA6E3E1CD8D97C00562F20 /* Products */;
					ProjectRef = 37CCABC91CD8D03600ECA264 /* GPUImage.xcodeproj */;
				},
				{
					ProductGroup = 37CA6E3C1CD8D97C00562F20 /* Products */;
					ProjectRef = 37CCABCA1CD8D03600ECA264 /* GPUImageMac.xcodeproj */;
				},
			);
			projectRoot = "";
			targets = (
				37711D891CD78CB600DC6B43 /* SwiftOCR Training */,
			);
		};
/* End PBXProject section */

/* Begin PBXReferenceProxy section */
		37CA6E441CD8D97C00562F20 /* libGPUImage.a */ = {
			isa = PBXReferenceProxy;
			fileType = archive.ar;
			path = libGPUImage.a;
			remoteRef = 37CA6E431CD8D97C00562F20 /* PBXContainerItemProxy */;
			sourceTree = BUILT_PRODUCTS_DIR;
		};
		37CA6E461CD8D97C00562F20 /* GPUImage.framework */ = {
			isa = PBXReferenceProxy;
			fileType = wrapper.framework;
			path = GPUImage.framework;
			remoteRef = 37CA6E451CD8D97C00562F20 /* PBXContainerItemProxy */;
			sourceTree = BUILT_PRODUCTS_DIR;
		};
		37CA6E491CD8D97C00562F20 /* GPUImage.framework */ = {
			isa = PBXReferenceProxy;
			fileType = wrapper.framework;
			path = GPUImage.framework;
			remoteRef = 37CA6E481CD8D97C00562F20 /* PBXContainerItemProxy */;
			sourceTree = BUILT_PRODUCTS_DIR;
		};
/* End PBXReferenceProxy section */

/* Begin PBXResourcesBuildPhase section */
		37711D881CD78CB600DC6B43 /* Resources */ = {
			isa = PBXResourcesBuildPhase;
			buildActionMask = 2147483647;
			files = (
				37CCABE01CD8D03600ECA264 /* Info.plist in Resources */,
				37711D921CD78CB700DC6B43 /* Assets.xcassets in Resources */,
				37CCABE41CD8D03600ECA264 /* TrainingBackground_4.png in Resources */,
				37CCABE21CD8D03600ECA264 /* TrainingBackground_2.png in Resources */,
				37CCABE31CD8D03600ECA264 /* TrainingBackground_3.png in Resources */,
				37711D951CD78CB700DC6B43 /* Main.storyboard in Resources */,
				37CCABE11CD8D03600ECA264 /* TrainingBackground_1.png in Resources */,
				37CCABDF1CD8D03600ECA264 /* OCR-Network in Resources */,
			);
			runOnlyForDeploymentPostprocessing = 0;
		};
/* End PBXResourcesBuildPhase section */

/* Begin PBXSourcesBuildPhase section */
		37711D861CD78CB600DC6B43 /* Sources */ = {
			isa = PBXSourcesBuildPhase;
			buildActionMask = 2147483647;
			files = (
				37CCABE81CD8D03600ECA264 /* Operations.swift in Sources */,
				37CCABEA1CD8D03600ECA264 /* Storage.swift in Sources */,
				37711D901CD78CB700DC6B43 /* ViewController.swift in Sources */,
				37CCABE91CD8D03600ECA264 /* Random.swift in Sources */,
				37711D8E1CD78CB700DC6B43 /* AppDelegate.swift in Sources */,
				37CCABDD1CD8D03600ECA264 /* SwiftOCR.swift in Sources */,
				37CCABDE1CD8D03600ECA264 /* SwiftOCRTraining.swift in Sources */,
				37CCABEE1CD8D03600ECA264 /* UnionFind.swift in Sources */,
				37CCABE71CD8D03600ECA264 /* Matrix.swift in Sources */,
				37711DB71CD7A84D00DC6B43 /* ButtonTableCellView.swift in Sources */,
				37CCABE61CD8D03600ECA264 /* FFNN.swift in Sources */,
				37CCABEC1CD8D03600ECA264 /* CrossPlatformSupport.swift in Sources */,
				92B7CDFB1EC20C5F0063804A /* NSImage+File.swift in Sources */,
				37CCABEB1CD8D03600ECA264 /* Vector.swift in Sources */,
				37CCABE51CD8D03600ECA264 /* FFNN+Storage.swift in Sources */,
				37CCABED1CD8D03600ECA264 /* Extensions.swift in Sources */,
			);
			runOnlyForDeploymentPostprocessing = 0;
		};
/* End PBXSourcesBuildPhase section */

/* Begin PBXTargetDependency section */
		372578D31CDA07D900785B68 /* PBXTargetDependency */ = {
			isa = PBXTargetDependency;
			name = GPUImage;
			targetProxy = 372578D21CDA07D900785B68 /* PBXContainerItemProxy */;
		};
/* End PBXTargetDependency section */

/* Begin PBXVariantGroup section */
		37711D931CD78CB700DC6B43 /* Main.storyboard */ = {
			isa = PBXVariantGroup;
			children = (
				37711D941CD78CB700DC6B43 /* Base */,
			);
			name = Main.storyboard;
			sourceTree = "<group>";
		};
/* End PBXVariantGroup section */

/* Begin XCBuildConfiguration section */
		37711D971CD78CB700DC6B43 /* Debug */ = {
			isa = XCBuildConfiguration;
			buildSettings = {
				ALWAYS_SEARCH_USER_PATHS = NO;
				CLANG_ANALYZER_NONNULL = YES;
				CLANG_CXX_LANGUAGE_STANDARD = "gnu++0x";
				CLANG_CXX_LIBRARY = "libc++";
				CLANG_ENABLE_MODULES = YES;
				CLANG_ENABLE_OBJC_ARC = YES;
				CLANG_WARN_BOOL_CONVERSION = YES;
				CLANG_WARN_CONSTANT_CONVERSION = YES;
				CLANG_WARN_DIRECT_OBJC_ISA_USAGE = YES_ERROR;
				CLANG_WARN_EMPTY_BODY = YES;
				CLANG_WARN_ENUM_CONVERSION = YES;
				CLANG_WARN_INT_CONVERSION = YES;
				CLANG_WARN_OBJC_ROOT_CLASS = YES_ERROR;
				CLANG_WARN_UNREACHABLE_CODE = YES;
				CLANG_WARN__DUPLICATE_METHOD_MATCH = YES;
				CODE_SIGN_IDENTITY = "-";
				COPY_PHASE_STRIP = NO;
				DEBUG_INFORMATION_FORMAT = dwarf;
				ENABLE_STRICT_OBJC_MSGSEND = YES;
				ENABLE_TESTABILITY = YES;
				GCC_C_LANGUAGE_STANDARD = gnu99;
				GCC_DYNAMIC_NO_PIC = NO;
				GCC_NO_COMMON_BLOCKS = YES;
				GCC_OPTIMIZATION_LEVEL = 0;
				GCC_PREPROCESSOR_DEFINITIONS = (
					"DEBUG=1",
					"$(inherited)",
				);
				GCC_WARN_64_TO_32_BIT_CONVERSION = YES;
				GCC_WARN_ABOUT_RETURN_TYPE = YES_ERROR;
				GCC_WARN_UNDECLARED_SELECTOR = YES;
				GCC_WARN_UNINITIALIZED_AUTOS = YES_AGGRESSIVE;
				GCC_WARN_UNUSED_FUNCTION = YES;
				GCC_WARN_UNUSED_VARIABLE = YES;
				MACOSX_DEPLOYMENT_TARGET = 10.11;
				MTL_ENABLE_DEBUG_INFO = YES;
				ONLY_ACTIVE_ARCH = YES;
				SDKROOT = macosx;
				SWIFT_OPTIMIZATION_LEVEL = "-Onone";
			};
			name = Debug;
		};
		37711D981CD78CB700DC6B43 /* Release */ = {
			isa = XCBuildConfiguration;
			buildSettings = {
				ALWAYS_SEARCH_USER_PATHS = NO;
				CLANG_ANALYZER_NONNULL = YES;
				CLANG_CXX_LANGUAGE_STANDARD = "gnu++0x";
				CLANG_CXX_LIBRARY = "libc++";
				CLANG_ENABLE_MODULES = YES;
				CLANG_ENABLE_OBJC_ARC = YES;
				CLANG_WARN_BOOL_CONVERSION = YES;
				CLANG_WARN_CONSTANT_CONVERSION = YES;
				CLANG_WARN_DIRECT_OBJC_ISA_USAGE = YES_ERROR;
				CLANG_WARN_EMPTY_BODY = YES;
				CLANG_WARN_ENUM_CONVERSION = YES;
				CLANG_WARN_INT_CONVERSION = YES;
				CLANG_WARN_OBJC_ROOT_CLASS = YES_ERROR;
				CLANG_WARN_UNREACHABLE_CODE = YES;
				CLANG_WARN__DUPLICATE_METHOD_MATCH = YES;
				CODE_SIGN_IDENTITY = "-";
				COPY_PHASE_STRIP = NO;
				DEBUG_INFORMATION_FORMAT = "dwarf-with-dsym";
				ENABLE_NS_ASSERTIONS = NO;
				ENABLE_STRICT_OBJC_MSGSEND = YES;
				GCC_C_LANGUAGE_STANDARD = gnu99;
				GCC_NO_COMMON_BLOCKS = YES;
				GCC_WARN_64_TO_32_BIT_CONVERSION = YES;
				GCC_WARN_ABOUT_RETURN_TYPE = YES_ERROR;
				GCC_WARN_UNDECLARED_SELECTOR = YES;
				GCC_WARN_UNINITIALIZED_AUTOS = YES_AGGRESSIVE;
				GCC_WARN_UNUSED_FUNCTION = YES;
				GCC_WARN_UNUSED_VARIABLE = YES;
				MACOSX_DEPLOYMENT_TARGET = 10.11;
				MTL_ENABLE_DEBUG_INFO = NO;
				SDKROOT = macosx;
			};
			name = Release;
		};
		37711D9A1CD78CB700DC6B43 /* Debug */ = {
			isa = XCBuildConfiguration;
			buildSettings = {
				ASSETCATALOG_COMPILER_APPICON_NAME = AppIcon;
				COMBINE_HIDPI_IMAGES = YES;
				INFOPLIST_FILE = "SwiftOCR Training/Info.plist";
				LD_RUNPATH_SEARCH_PATHS = "$(inherited) @executable_path/../Frameworks";
				PRODUCT_BUNDLE_IDENTIFIER = "camenisch.nicolas.SwiftOCR-Training";
				PRODUCT_NAME = "$(TARGET_NAME)";
				SWIFT_VERSION = 3.0;
			};
			name = Debug;
		};
		37711D9B1CD78CB700DC6B43 /* Release */ = {
			isa = XCBuildConfiguration;
			buildSettings = {
				ASSETCATALOG_COMPILER_APPICON_NAME = AppIcon;
				COMBINE_HIDPI_IMAGES = YES;
				INFOPLIST_FILE = "SwiftOCR Training/Info.plist";
				LD_RUNPATH_SEARCH_PATHS = "$(inherited) @executable_path/../Frameworks";
				PRODUCT_BUNDLE_IDENTIFIER = "camenisch.nicolas.SwiftOCR-Training";
				PRODUCT_NAME = "$(TARGET_NAME)";
				SWIFT_VERSION = 3.0;
			};
			name = Release;
		};
/* End XCBuildConfiguration section */

/* Begin XCConfigurationList section */
		37711D851CD78CB600DC6B43 /* Build configuration list for PBXProject "SwiftOCR Training" */ = {
			isa = XCConfigurationList;
			buildConfigurations = (
				37711D971CD78CB700DC6B43 /* Debug */,
				37711D981CD78CB700DC6B43 /* Release */,
			);
			defaultConfigurationIsVisible = 0;
			defaultConfigurationName = Release;
		};
		37711D991CD78CB700DC6B43 /* Build configuration list for PBXNativeTarget "SwiftOCR Training" */ = {
			isa = XCConfigurationList;
			buildConfigurations = (
				37711D9A1CD78CB700DC6B43 /* Debug */,
				37711D9B1CD78CB700DC6B43 /* Release */,
			);
			defaultConfigurationIsVisible = 0;
			defaultConfigurationName = Release;
		};
/* End XCConfigurationList section */
	};
	rootObject = 37711D821CD78CB600DC6B43 /* Project object */;
}
